
Microsoft Visual Studio Solution File, Format Version 12.00
# Visual Studio Version 17
VisualStudioVersion = 17.8.34322.80
MinimumVisualStudioVersion = 10.0.40219.1
Project("{9A19103F-16F7-4668-BE54-9A1E7A4F7556}") = "RolandK.AvaloniaExtensions.TestApp", "src\RolandK.AvaloniaExtensions.TestApp\RolandK.AvaloniaExtensions.TestApp.csproj", "{AF09D6F7-A9B7-4FBD-A1B2-ACE25418E813}"
EndProject
Project("{9A19103F-16F7-4668-BE54-9A1E7A4F7556}") = "RolandK.AvaloniaExtensions", "src\RolandK.AvaloniaExtensions\RolandK.AvaloniaExtensions.csproj", "{779B4BE6-6030-4B49-87D4-9162F9E50FCA}"
EndProject
Project("{9A19103F-16F7-4668-BE54-9A1E7A4F7556}") = "RolandK.AvaloniaExtensions.DependencyInjection", "src\RolandK.AvaloniaExtensions.DependencyInjection\RolandK.AvaloniaExtensions.DependencyInjection.csproj", "{4D4CA940-68F9-4EE2-9030-921C0A1B163E}"
EndProject
Project("{9A19103F-16F7-4668-BE54-9A1E7A4F7556}") = "RolandK.AvaloniaExtensions.Tests", "src\RolandK.AvaloniaExtensions.Tests\RolandK.AvaloniaExtensions.Tests.csproj", "{270741C0-1A15-4C44-8A1C-0DD86DD8DF23}"
EndProject
Project("{9A19103F-16F7-4668-BE54-9A1E7A4F7556}") = "RolandK.AvaloniaExtensions.DependencyInjection.Tests", "src\RolandK.AvaloniaExtensions.DependencyInjection.Tests\RolandK.AvaloniaExtensions.DependencyInjection.Tests.csproj", "{03D69FBA-0153-4CF3-AC81-07E8CC0BB526}"
EndProject
Project("{FAE04EC0-301F-11D3-BF4B-00C04F79EFBC}") = "RolandK.AvaloniaExtensions.ExceptionHandling", "src\RolandK.AvaloniaExtensions.ExceptionHandling\RolandK.AvaloniaExtensions.ExceptionHandling.csproj", "{FC6CF99C-571A-454F-B385-52F0DEC21BFA}"
EndProject
Project("{FAE04EC0-301F-11D3-BF4B-00C04F79EFBC}") = "RolandK.AvaloniaExtensions.TestApp.ExceptionViewer", "src\RolandK.AvaloniaExtensions.TestApp.ExceptionViewer\RolandK.AvaloniaExtensions.TestApp.ExceptionViewer.csproj", "{ED908FBE-7113-4E38-A725-89AA6B4BA9C2}"
EndProject
Project("{FAE04EC0-301F-11D3-BF4B-00C04F79EFBC}") = "RolandK.AvaloniaExtensions.ResponsiveControls", "src\RolandK.AvaloniaExtensions.ResponsiveControls\RolandK.AvaloniaExtensions.ResponsiveControls.csproj", "{BE25F0E5-EF84-4E51-B7A9-8DB5953D8A2D}"
EndProject
Project("{FAE04EC0-301F-11D3-BF4B-00C04F79EFBC}") = "RolandK.AvaloniaExtensions.ResponsiveControls.Tests", "src\RolandK.AvaloniaExtensions.ResponsiveControls.Tests\RolandK.AvaloniaExtensions.ResponsiveControls.Tests.csproj", "{F9231B07-AA3C-45D7-80BD-7D8DEF17137F}"
EndProject
Global
	GlobalSection(SolutionConfigurationPlatforms) = preSolution
		Debug|Any CPU = Debug|Any CPU
		Release|Any CPU = Release|Any CPU
	EndGlobalSection
	GlobalSection(ProjectConfigurationPlatforms) = postSolution
		{AF09D6F7-A9B7-4FBD-A1B2-ACE25418E813}.Debug|Any CPU.ActiveCfg = Debug|Any CPU
		{AF09D6F7-A9B7-4FBD-A1B2-ACE25418E813}.Debug|Any CPU.Build.0 = Debug|Any CPU
		{AF09D6F7-A9B7-4FBD-A1B2-ACE25418E813}.Release|Any CPU.ActiveCfg = Release|Any CPU
		{AF09D6F7-A9B7-4FBD-A1B2-ACE25418E813}.Release|Any CPU.Build.0 = Release|Any CPU
		{779B4BE6-6030-4B49-87D4-9162F9E50FCA}.Debug|Any CPU.ActiveCfg = Debug|Any CPU
		{779B4BE6-6030-4B49-87D4-9162F9E50FCA}.Debug|Any CPU.Build.0 = Debug|Any CPU
		{779B4BE6-6030-4B49-87D4-9162F9E50FCA}.Release|Any CPU.ActiveCfg = Release|Any CPU
		{779B4BE6-6030-4B49-87D4-9162F9E50FCA}.Release|Any CPU.Build.0 = Release|Any CPU
		{4D4CA940-68F9-4EE2-9030-921C0A1B163E}.Debug|Any CPU.ActiveCfg = Debug|Any CPU
		{4D4CA940-68F9-4EE2-9030-921C0A1B163E}.Debug|Any CPU.Build.0 = Debug|Any CPU
		{4D4CA940-68F9-4EE2-9030-921C0A1B163E}.Release|Any CPU.ActiveCfg = Release|Any CPU
		{4D4CA940-68F9-4EE2-9030-921C0A1B163E}.Release|Any CPU.Build.0 = Release|Any CPU
		{270741C0-1A15-4C44-8A1C-0DD86DD8DF23}.Debug|Any CPU.ActiveCfg = Debug|Any CPU
		{270741C0-1A15-4C44-8A1C-0DD86DD8DF23}.Debug|Any CPU.Build.0 = Debug|Any CPU
		{270741C0-1A15-4C44-8A1C-0DD86DD8DF23}.Release|Any CPU.ActiveCfg = Release|Any CPU
		{270741C0-1A15-4C44-8A1C-0DD86DD8DF23}.Release|Any CPU.Build.0 = Release|Any CPU
		{03D69FBA-0153-4CF3-AC81-07E8CC0BB526}.Debug|Any CPU.ActiveCfg = Debug|Any CPU
		{03D69FBA-0153-4CF3-AC81-07E8CC0BB526}.Debug|Any CPU.Build.0 = Debug|Any CPU
		{03D69FBA-0153-4CF3-AC81-07E8CC0BB526}.Release|Any CPU.ActiveCfg = Release|Any CPU
		{03D69FBA-0153-4CF3-AC81-07E8CC0BB526}.Release|Any CPU.Build.0 = Release|Any CPU
		{FC6CF99C-571A-454F-B385-52F0DEC21BFA}.Debug|Any CPU.ActiveCfg = Debug|Any CPU
		{FC6CF99C-571A-454F-B385-52F0DEC21BFA}.Debug|Any CPU.Build.0 = Debug|Any CPU
		{FC6CF99C-571A-454F-B385-52F0DEC21BFA}.Release|Any CPU.ActiveCfg = Release|Any CPU
		{FC6CF99C-571A-454F-B385-52F0DEC21BFA}.Release|Any CPU.Build.0 = Release|Any CPU
		{ED908FBE-7113-4E38-A725-89AA6B4BA9C2}.Debug|Any CPU.ActiveCfg = Debug|Any CPU
		{ED908FBE-7113-4E38-A725-89AA6B4BA9C2}.Debug|Any CPU.Build.0 = Debug|Any CPU
		{ED908FBE-7113-4E38-A725-89AA6B4BA9C2}.Release|Any CPU.ActiveCfg = Release|Any CPU
		{ED908FBE-7113-4E38-A725-89AA6B4BA9C2}.Release|Any CPU.Build.0 = Release|Any CPU
		{BE25F0E5-EF84-4E51-B7A9-8DB5953D8A2D}.Debug|Any CPU.ActiveCfg = Debug|Any CPU
		{BE25F0E5-EF84-4E51-B7A9-8DB5953D8A2D}.Debug|Any CPU.Build.0 = Debug|Any CPU
		{BE25F0E5-EF84-4E51-B7A9-8DB5953D8A2D}.Release|Any CPU.ActiveCfg = Release|Any CPU
		{BE25F0E5-EF84-4E51-B7A9-8DB5953D8A2D}.Release|Any CPU.Build.0 = Release|Any CPU
		{F9231B07-AA3C-45D7-80BD-7D8DEF17137F}.Debug|Any CPU.ActiveCfg = Debug|Any CPU
		{F9231B07-AA3C-45D7-80BD-7D8DEF17137F}.Debug|Any CPU.Build.0 = Debug|Any CPU
		{F9231B07-AA3C-45D7-80BD-7D8DEF17137F}.Release|Any CPU.ActiveCfg = Release|Any CPU
		{F9231B07-AA3C-45D7-80BD-7D8DEF17137F}.Release|Any CPU.Build.0 = Release|Any CPU
	EndGlobalSection
	GlobalSection(SolutionProperties) = preSolution
		HideSolutionNode = FALSE
	EndGlobalSection
EndGlobal
