
Microsoft Visual Studio Solution File, Format Version 12.00
Project("{FAE04EC0-301F-11D3-BF4B-00C04F79EFBC}") = "RolandK.AvaloniaExtensions.TestApp", "RolandK.AvaloniaExtensions.TestApp\RolandK.AvaloniaExtensions.TestApp.csproj", "{AF09D6F7-A9B7-4FBD-A1B2-ACE25418E813}"
EndProject
Project("{FAE04EC0-301F-11D3-BF4B-00C04F79EFBC}") = "RolandK.AvaloniaExtensions", "RolandK.AvaloniaExtensions\RolandK.AvaloniaExtensions.csproj", "{779B4BE6-6030-4B49-87D4-9162F9E50FCA}"
EndProject
Project("{FAE04EC0-301F-11D3-BF4B-00C04F79EFBC}") = "RolandK.AvaloniaExtensions.DependencyInjection", "RolandK.AvaloniaExtensions.DependencyInjection\RolandK.AvaloniaExtensions.DependencyInjection.csproj", "{4D4CA940-68F9-4EE2-9030-921C0A1B163E}"
EndProject
Project("{FAE04EC0-301F-11D3-BF4B-00C04F79EFBC}") = "RolandK.AvaloniaExtensions.Tests", "RolandK.AvaloniaExtensions.Tests\RolandK.AvaloniaExtensions.Tests.csproj", "{270741C0-1A15-4C44-8A1C-0DD86DD8DF23}"
EndProject
Global
	GlobalSection(SolutionConfigurationPlatforms) = preSolution
		Debug|Any CPU = Debug|Any CPU
		Release|Any CPU = Release|Any CPU
	EndGlobalSection
	GlobalSection(ProjectConfigurationPlatforms) = postSolution
		{AF09D6F7-A9B7-4FBD-A1B2-ACE25418E813}.Debug|Any CPU.ActiveCfg = Debug|Any CPU
		{AF09D6F7-A9B7-4FBD-A1B2-ACE25418E813}.Debug|Any CPU.Build.0 = Debug|Any CPU
		{AF09D6F7-A9B7-4FBD-A1B2-ACE25418E813}.Release|Any CPU.ActiveCfg = Release|Any CPU
		{AF09D6F7-A9B7-4FBD-A1B2-ACE25418E813}.Release|Any CPU.Build.0 = Release|Any CPU
		{779B4BE6-6030-4B49-87D4-9162F9E50FCA}.Debug|Any CPU.ActiveCfg = Debug|Any CPU
		{779B4BE6-6030-4B49-87D4-9162F9E50FCA}.Debug|Any CPU.Build.0 = Debug|Any CPU
		{779B4BE6-6030-4B49-87D4-9162F9E50FCA}.Release|Any CPU.ActiveCfg = Release|Any CPU
		{779B4BE6-6030-4B49-87D4-9162F9E50FCA}.Release|Any CPU.Build.0 = Release|Any CPU
		{4D4CA940-68F9-4EE2-9030-921C0A1B163E}.Debug|Any CPU.ActiveCfg = Debug|Any CPU
		{4D4CA940-68F9-4EE2-9030-921C0A1B163E}.Debug|Any CPU.Build.0 = Debug|Any CPU
		{4D4CA940-68F9-4EE2-9030-921C0A1B163E}.Release|Any CPU.ActiveCfg = Release|Any CPU
		{4D4CA940-68F9-4EE2-9030-921C0A1B163E}.Release|Any CPU.Build.0 = Release|Any CPU
		{270741C0-1A15-4C44-8A1C-0DD86DD8DF23}.Debug|Any CPU.ActiveCfg = Debug|Any CPU
		{270741C0-1A15-4C44-8A1C-0DD86DD8DF23}.Debug|Any CPU.Build.0 = Debug|Any CPU
		{270741C0-1A15-4C44-8A1C-0DD86DD8DF23}.Release|Any CPU.ActiveCfg = Release|Any CPU
		{270741C0-1A15-4C44-8A1C-0DD86DD8DF23}.Release|Any CPU.Build.0 = Release|Any CPU
	EndGlobalSection
EndGlobal
